github.com/alecthomas/assert/v2 v2.11.0 h1:2Q9r3ki8+JYXvGsDyBXwH3LcJ+WK5D0gc5E8vS6K3D0=
github.com/alecthomas/assert/v2 v2.11.0/go.mod h1:Bze95FyfUr7x34QZrjL+XP+0qgp/zg8yS+TtBj1WA3k=
github.com/alecthomas/participle/v2 v2.1.4 h1:W/H79S8Sat/krZ3el6sQMvMaahJ+XcM9WSI2naI7w2U=
github.com/alecthomas/participle/v2 v2.1.4/go.mod h1:8tqVbpTX20Ru4NfYQgZf4mP18eXPTBViyMWiArNEgGI=
github.com/alecthomas/repr v0.4.0 h1:GhI2A8MACjfegCPVq9f1FLvIBS+DrQ2KQBFZP1iFzXc=
github.com/alecthomas/repr v0.4.0/go.mod h1:Fr0507jx4eOXV7AlPV6AVZLYrLIuIeSOWtW57eE/O/4=
github.com/ardnew/ff/v4 v4.0.0-alpha.4.0.20250620043230-85a893511772 h1:MxpOJuTsrsisyd3mZN60rdn0+RcwvDxgOdQ2YiXUFqA=
github.com/ardnew/ff/v4 v4.0.0-alpha.4.0.20250620043230-85a893511772/go.mod h1:H/13DK46DKXy7EaIxPhk2Y0EC8aubKm35nBjBe8AAGc=
github.com/blang/semver/v4 v4.0.0 h1:1PFHFE6yCCTv8C1TeyNNarDzntLi7wMI5i/pzqYIsAM=
github.com/blang/semver/v4 v4.0.0/go.mod h1:IbckMUScFkM3pff0VJDNKRiT6TG/YpiHIM2yvyW5YoQ=
github.com/carlmjohnson/deque v0.23.1 h1:X2HOJM9xcglY03deMZ0oZ1V2xtbqYV7dJDnZiSZN4Ak=
github.com/carlmjohnson/deque v0.23.1/go.mod h1:LF5NJjICBrEOPx84pxPL4nCimy5n9NQjxKi5cXkh+8U=
github.com/carlmjohnson/flowmatic v0.23.4 h1:SfK6f+zKUlw4aga1ph+7/csqVeUAWnBxfqKN5gvQzzs=
github.com/carlmjohnson/flowmatic v0.23.4/go.mod h1:Jpvyl591Dvkt9chYpnVupjxlKvqkZ9CtCmqL4wfQD7U=
github.com/expr-lang/expr v1.17.5 h1:i1WrMvcdLF249nSNlpQZN1S6NXuW9WaOfF5tPi3aw3k=
github.com/expr-lang/expr v1.17.5/go.mod h1:8/vRC7+7HBzESEqt5kKpYXxrxkr31SaO8r40VO/1IT4=
github.com/hexops/gotextdiff v1.0.3 h1:gitA9+qJrrTCsiCl7+kh75nPqQt1cx4ZkudSTLoUqJM=
github.com/hexops/gotextdiff v1.0.3/go.mod h1:pSWU5MAI3yDq+fZBTazCSJysOMbxWL1BSow5/V2vxeg=
github.com/pelletier/go-toml/v2 v2.0.9 h1:uH2qQXheeefCCkuBBSLi7jCiSmj3VRh2+Goq2N7Xxu0=
github.com/pelletier/go-toml/v2 v2.0.9/go.mod h1:tJU2Z3ZkXwnxa4DPO899bsyIoywizdUvyaeZurnPPDc=
golang.org/x/text v0.26.0 h1:P42AVeLghgTYr4+xUnTRKDMqpar+PtX7KWuNQL21L8M=
golang.org/x/text v0.26.0/go.mod h1:QK15LZJUUQVJxhz7wXgxSy/CJaTFjd0G+YLonydOVQA=
gopkg.in/yaml.v2 v2.4.0 h1:D8xgwECY7CYvx+Y2n4sBz93Jn9JRvxdiyyo8CTfuKaY=
gopkg.in/yaml.v2 v2.4.0/go.mod h1:RDklbk79AGWmwhnvt/jBztapEOGDOx6ZbXqjP6csGnQ=
